
Microsoft Visual Studio Solution File, Format Version 12.00
# Visual Studio 2012
Project("{FAE04EC0-301F-11D3-BF4B-00C04F79EFBC}") = "ArrayString", "ArrayString\ArrayString.csproj", "{80580CEE-86B4-4DB4-AC7B-439ABA33E09C}"
EndProject
Project("{FAE04EC0-301F-11D3-BF4B-00C04F79EFBC}") = "ArrayStrng.Tests", "ArrayStrng.Tests\ArrayStrng.Tests.csproj", "{3B24AA44-0BF8-4607-96E7-1BF374940F20}"
EndProject
Global
	GlobalSection(SolutionConfigurationPlatforms) = preSolution
		Debug|Any CPU = Debug|Any CPU
		Release|Any CPU = Release|Any CPU
	EndGlobalSection
	GlobalSection(ProjectConfigurationPlatforms) = postSolution
		{80580CEE-86B4-4DB4-AC7B-439ABA33E09C}.Debug|Any CPU.ActiveCfg = Debug|Any CPU
		{80580CEE-86B4-4DB4-AC7B-439ABA33E09C}.Debug|Any CPU.Build.0 = Debug|Any CPU
		{80580CEE-86B4-4DB4-AC7B-439ABA33E09C}.Release|Any CPU.ActiveCfg = Release|Any CPU
		{80580CEE-86B4-4DB4-AC7B-439ABA33E09C}.Release|Any CPU.Build.0 = Release|Any CPU
		{3B24AA44-0BF8-4607-96E7-1BF374940F20}.Debug|Any CPU.ActiveCfg = Debug|Any CPU
		{3B24AA44-0BF8-4607-96E7-1BF374940F20}.Debug|Any CPU.Build.0 = Debug|Any CPU
		{3B24AA44-0BF8-4607-96E7-1BF374940F20}.Release|Any CPU.ActiveCfg = Release|Any CPU
		{3B24AA44-0BF8-4607-96E7-1BF374940F20}.Release|Any CPU.Build.0 = Release|Any CPU
	EndGlobalSection
	GlobalSection(SolutionProperties) = preSolution
		HideSolutionNode = FALSE
	EndGlobalSection
EndGlobal
